### YamlMime:ManagedReference
items:
- uid: Prowl.Runtime.UI.ColorBlock
  commentId: T:Prowl.Runtime.UI.ColorBlock
  id: ColorBlock
  parent: Prowl.Runtime.UI
  children:
  - Prowl.Runtime.UI.ColorBlock.ColorMultiplier
  - Prowl.Runtime.UI.ColorBlock.Default
  - Prowl.Runtime.UI.ColorBlock.DisabledColor
  - Prowl.Runtime.UI.ColorBlock.FadeDuration
  - Prowl.Runtime.UI.ColorBlock.HighlightedColor
  - Prowl.Runtime.UI.ColorBlock.NormalColor
  - Prowl.Runtime.UI.ColorBlock.PressedColor
  - Prowl.Runtime.UI.ColorBlock.SelectedColor
  langs:
  - csharp
  - vb
  name: ColorBlock
  nameWithType: ColorBlock
  fullName: Prowl.Runtime.UI.ColorBlock
  type: Struct
  source:
    remote:
      path: Prowl.Runtime/Components/UI/Input/ColorBlock.cs
      branch: main
      repo: https://github.com/ProwlEngine/Prowl.git
    id: ColorBlock
    path: ../Prowl/Prowl.Runtime/Components/UI/Input/ColorBlock.cs
    startLine: 11
  assemblies:
  - Prowl.Runtime
  namespace: Prowl.Runtime.UI
  summary: >-
    The five state tints a <xref href="Prowl.Runtime.UI.Selectable" data-throw-if-not-resolved="false"></xref> drives, plus the shared multiplier and fade time.

    A convenience view over the individual color fields on <xref href="Prowl.Runtime.UI.Selectable" data-throw-if-not-resolved="false"></xref>.
  example: []
  syntax:
    content: public struct ColorBlock
    content.vb: Public Structure ColorBlock
  inheritedMembers:
  - System.ValueType.Equals(System.Object)
  - System.ValueType.GetHashCode
  - System.ValueType.ToString
  - System.Object.Equals(System.Object,System.Object)
  - System.Object.GetType
  - System.Object.ReferenceEquals(System.Object,System.Object)
  extensionMethods:
  - System.Object.Prowl.Runtime.RuntimeUtils.GetSerializableFields
- uid: Prowl.Runtime.UI.ColorBlock.NormalColor
  commentId: F:Prowl.Runtime.UI.ColorBlock.NormalColor
  id: NormalColor
  parent: Prowl.Runtime.UI.ColorBlock
  langs:
  - csharp
  - vb
  name: NormalColor
  nameWithType: ColorBlock.NormalColor
  fullName: Prowl.Runtime.UI.ColorBlock.NormalColor
  type: Field
  source:
    remote:
      path: Prowl.Runtime/Components/UI/Input/ColorBlock.cs
      branch: main
      repo: https://github.com/ProwlEngine/Prowl.git
    id: NormalColor
    path: ../Prowl/Prowl.Runtime/Components/UI/Input/ColorBlock.cs
    startLine: 13
  assemblies:
  - Prowl.Runtime
  namespace: Prowl.Runtime.UI
  syntax:
    content: public Color NormalColor
    return:
      type: Prowl.Vector.Color
    content.vb: Public NormalColor As Color
- uid: Prowl.Runtime.UI.ColorBlock.HighlightedColor
  commentId: F:Prowl.Runtime.UI.ColorBlock.HighlightedColor
  id: HighlightedColor
  parent: Prowl.Runtime.UI.ColorBlock
  langs:
  - csharp
  - vb
  name: HighlightedColor
  nameWithType: ColorBlock.HighlightedColor
  fullName: Prowl.Runtime.UI.ColorBlock.HighlightedColor
  type: Field
  source:
    remote:
      path: Prowl.Runtime/Components/UI/Input/ColorBlock.cs
      branch: main
      repo: https://github.com/ProwlEngine/Prowl.git
    id: HighlightedColor
    path: ../Prowl/Prowl.Runtime/Components/UI/Input/ColorBlock.cs
    startLine: 14
  assemblies:
  - Prowl.Runtime
  namespace: Prowl.Runtime.UI
  syntax:
    content: public Color HighlightedColor
    return:
      type: Prowl.Vector.Color
    content.vb: Public HighlightedColor As Color
- uid: Prowl.Runtime.UI.ColorBlock.PressedColor
  commentId: F:Prowl.Runtime.UI.ColorBlock.PressedColor
  id: PressedColor
  parent: Prowl.Runtime.UI.ColorBlock
  langs:
  - csharp
  - vb
  name: PressedColor
  nameWithType: ColorBlock.PressedColor
  fullName: Prowl.Runtime.UI.ColorBlock.PressedColor
  type: Field
  source:
    remote:
      path: Prowl.Runtime/Components/UI/Input/ColorBlock.cs
      branch: main
      repo: https://github.com/ProwlEngine/Prowl.git
    id: PressedColor
    path: ../Prowl/Prowl.Runtime/Components/UI/Input/ColorBlock.cs
    startLine: 15
  assemblies:
  - Prowl.Runtime
  namespace: Prowl.Runtime.UI
  syntax:
    content: public Color PressedColor
    return:
      type: Prowl.Vector.Color
    content.vb: Public PressedColor As Color
- uid: Prowl.Runtime.UI.ColorBlock.SelectedColor
  commentId: F:Prowl.Runtime.UI.ColorBlock.SelectedColor
  id: SelectedColor
  parent: Prowl.Runtime.UI.ColorBlock
  langs:
  - csharp
  - vb
  name: SelectedColor
  nameWithType: ColorBlock.SelectedColor
  fullName: Prowl.Runtime.UI.ColorBlock.SelectedColor
  type: Field
  source:
    remote:
      path: Prowl.Runtime/Components/UI/Input/ColorBlock.cs
      branch: main
      repo: https://github.com/ProwlEngine/Prowl.git
    id: SelectedColor
    path: ../Prowl/Prowl.Runtime/Components/UI/Input/ColorBlock.cs
    startLine: 16
  assemblies:
  - Prowl.Runtime
  namespace: Prowl.Runtime.UI
  syntax:
    content: public Color SelectedColor
    return:
      type: Prowl.Vector.Color
    content.vb: Public SelectedColor As Color
- uid: Prowl.Runtime.UI.ColorBlock.DisabledColor
  commentId: F:Prowl.Runtime.UI.ColorBlock.DisabledColor
  id: DisabledColor
  parent: Prowl.Runtime.UI.ColorBlock
  langs:
  - csharp
  - vb
  name: DisabledColor
  nameWithType: ColorBlock.DisabledColor
  fullName: Prowl.Runtime.UI.ColorBlock.DisabledColor
  type: Field
  source:
    remote:
      path: Prowl.Runtime/Components/UI/Input/ColorBlock.cs
      branch: main
      repo: https://github.com/ProwlEngine/Prowl.git
    id: DisabledColor
    path: ../Prowl/Prowl.Runtime/Components/UI/Input/ColorBlock.cs
    startLine: 17
  assemblies:
  - Prowl.Runtime
  namespace: Prowl.Runtime.UI
  syntax:
    content: public Color DisabledColor
    return:
      type: Prowl.Vector.Color
    content.vb: Public DisabledColor As Color
- uid: Prowl.Runtime.UI.ColorBlock.ColorMultiplier
  commentId: F:Prowl.Runtime.UI.ColorBlock.ColorMultiplier
  id: ColorMultiplier
  parent: Prowl.Runtime.UI.ColorBlock
  langs:
  - csharp
  - vb
  name: ColorMultiplier
  nameWithType: ColorBlock.ColorMultiplier
  fullName: Prowl.Runtime.UI.ColorBlock.ColorMultiplier
  type: Field
  source:
    remote:
      path: Prowl.Runtime/Components/UI/Input/ColorBlock.cs
      branch: main
      repo: https://github.com/ProwlEngine/Prowl.git
    id: ColorMultiplier
    path: ../Prowl/Prowl.Runtime/Components/UI/Input/ColorBlock.cs
    startLine: 21
  assemblies:
  - Prowl.Runtime
  namespace: Prowl.Runtime.UI
  summary: >-
    Multiplier applied to whichever state color is active. Values above 1 let a tint
        brighten past the source graphic.
  example: []
  syntax:
    content: public float ColorMultiplier
    return:
      type: System.Single
    content.vb: Public ColorMultiplier As Single
- uid: Prowl.Runtime.UI.ColorBlock.FadeDuration
  commentId: F:Prowl.Runtime.UI.ColorBlock.FadeDuration
  id: FadeDuration
  parent: Prowl.Runtime.UI.ColorBlock
  langs:
  - csharp
  - vb
  name: FadeDuration
  nameWithType: ColorBlock.FadeDuration
  fullName: Prowl.Runtime.UI.ColorBlock.FadeDuration
  type: Field
  source:
    remote:
      path: Prowl.Runtime/Components/UI/Input/ColorBlock.cs
      branch: main
      repo: https://github.com/ProwlEngine/Prowl.git
    id: FadeDuration
    path: ../Prowl/Prowl.Runtime/Components/UI/Input/ColorBlock.cs
    startLine: 24
  assemblies:
  - Prowl.Runtime
  namespace: Prowl.Runtime.UI
  summary: Seconds the tint takes to reach a new state color. 0 snaps.
  example: []
  syntax:
    content: public float FadeDuration
    return:
      type: System.Single
    content.vb: Public FadeDuration As Single
- uid: Prowl.Runtime.UI.ColorBlock.Default
  commentId: P:Prowl.Runtime.UI.ColorBlock.Default
  id: Default
  parent: Prowl.Runtime.UI.ColorBlock
  langs:
  - csharp
  - vb
  name: Default
  nameWithType: ColorBlock.Default
  fullName: Prowl.Runtime.UI.ColorBlock.Default
  type: Property
  source:
    remote:
      path: Prowl.Runtime/Components/UI/Input/ColorBlock.cs
      branch: main
      repo: https://github.com/ProwlEngine/Prowl.git
    id: Default
    path: ../Prowl/Prowl.Runtime/Components/UI/Input/ColorBlock.cs
    startLine: 26
  assemblies:
  - Prowl.Runtime
  namespace: Prowl.Runtime.UI
  syntax:
    content: public static ColorBlock Default { get; }
    parameters: []
    return:
      type: Prowl.Runtime.UI.ColorBlock
    content.vb: Public Shared ReadOnly Property [Default] As ColorBlock
  overload: Prowl.Runtime.UI.ColorBlock.Default*
references:
- uid: Prowl.Runtime.UI.Selectable
  commentId: T:Prowl.Runtime.UI.Selectable
  parent: Prowl.Runtime.UI
  href: Prowl.Runtime.UI.Selectable.html
  name: Selectable
  nameWithType: Selectable
  fullName: Prowl.Runtime.UI.Selectable
- uid: Prowl.Runtime.UI
  commentId: N:Prowl.Runtime.UI
  name: Prowl.Runtime.UI
  nameWithType: Prowl.Runtime.UI
  fullName: Prowl.Runtime.UI
  spec.csharp:
  - uid: Prowl
    name: Prowl
  - name: .
  - uid: Prowl.Runtime
    name: Runtime
  - name: .
  - uid: Prowl.Runtime.UI
    name: UI
  spec.vb:
  - uid: Prowl
    name: Prowl
  - name: .
  - uid: Prowl.Runtime
    name: Runtime
  - name: .
  - uid: Prowl.Runtime.UI
    name: UI
- uid: System.ValueType.Equals(System.Object)
  commentId: M:System.ValueType.Equals(System.Object)
  parent: System.ValueType
  isExternal: true
  href: https://learn.microsoft.com/dotnet/api/system.valuetype.equals
  name: Equals(object)
  nameWithType: ValueType.Equals(object)
  fullName: System.ValueType.Equals(object)
  nameWithType.vb: ValueType.Equals(Object)
  fullName.vb: System.ValueType.Equals(Object)
  name.vb: Equals(Object)
  spec.csharp:
  - uid: System.ValueType.Equals(System.Object)
    name: Equals
    isExternal: true
    href: https://learn.microsoft.com/dotnet/api/system.valuetype.equals
  - name: (
  - uid: System.Object
    name: object
    isExternal: true
    href: https://learn.microsoft.com/dotnet/api/system.object
  - name: )
  spec.vb:
  - uid: System.ValueType.Equals(System.Object)
    name: Equals
    isExternal: true
    href: https://learn.microsoft.com/dotnet/api/system.valuetype.equals
  - name: (
  - uid: System.Object
    name: Object
    isExternal: true
    href: https://learn.microsoft.com/dotnet/api/system.object
  - name: )
- uid: System.ValueType.GetHashCode
  commentId: M:System.ValueType.GetHashCode
  parent: System.ValueType
  isExternal: true
  href: https://learn.microsoft.com/dotnet/api/system.valuetype.gethashcode
  name: GetHashCode()
  nameWithType: ValueType.GetHashCode()
  fullName: System.ValueType.GetHashCode()
  spec.csharp:
  - uid: System.ValueType.GetHashCode
    name: GetHashCode
    isExternal: true
    href: https://learn.microsoft.com/dotnet/api/system.valuetype.gethashcode
  - name: (
  - name: )
  spec.vb:
  - uid: System.ValueType.GetHashCode
    name: GetHashCode
    isExternal: true
    href: https://learn.microsoft.com/dotnet/api/system.valuetype.gethashcode
  - name: (
  - name: )
- uid: System.ValueType.ToString
  commentId: M:System.ValueType.ToString
  parent: System.ValueType
  isExternal: true
  href: https://learn.microsoft.com/dotnet/api/system.valuetype.tostring
  name: ToString()
  nameWithType: ValueType.ToString()
  fullName: System.ValueType.ToString()
  spec.csharp:
  - uid: System.ValueType.ToString
    name: ToString
    isExternal: true
    href: https://learn.microsoft.com/dotnet/api/system.valuetype.tostring
  - name: (
  - name: )
  spec.vb:
  - uid: System.ValueType.ToString
    name: ToString
    isExternal: true
    href: https://learn.microsoft.com/dotnet/api/system.valuetype.tostring
  - name: (
  - name: )
- uid: System.Object.Equals(System.Object,System.Object)
  commentId: M:System.Object.Equals(System.Object,System.Object)
  parent: System.Object
  isExternal: true
  href: https://learn.microsoft.com/dotnet/api/system.object.equals#system-object-equals(system-object-system-object)
  name: Equals(object, object)
  nameWithType: object.Equals(object, object)
  fullName: object.Equals(object, object)
  nameWithType.vb: Object.Equals(Object, Object)
  fullName.vb: Object.Equals(Object, Object)
  name.vb: Equals(Object, Object)
  spec.csharp:
  - uid: System.Object.Equals(System.Object,System.Object)
    name: Equals
    isExternal: true
    href: https://learn.microsoft.com/dotnet/api/system.object.equals#system-object-equals(system-object-system-object)
  - name: (
  - uid: System.Object
    name: object
    isExternal: true
    href: https://learn.microsoft.com/dotnet/api/system.object
  - name: ','
  - name: " "
  - uid: System.Object
    name: object
    isExternal: true
    href: https://learn.microsoft.com/dotnet/api/system.object
  - name: )
  spec.vb:
  - uid: System.Object.Equals(System.Object,System.Object)
    name: Equals
    isExternal: true
    href: https://learn.microsoft.com/dotnet/api/system.object.equals#system-object-equals(system-object-system-object)
  - name: (
  - uid: System.Object
    name: Object
    isExternal: true
    href: https://learn.microsoft.com/dotnet/api/system.object
  - name: ','
  - name: " "
  - uid: System.Object
    name: Object
    isExternal: true
    href: https://learn.microsoft.com/dotnet/api/system.object
  - name: )
- uid: System.Object.GetType
  commentId: M:System.Object.GetType
  parent: System.Object
  isExternal: true
  href: https://learn.microsoft.com/dotnet/api/system.object.gettype
  name: GetType()
  nameWithType: object.GetType()
  fullName: object.GetType()
  nameWithType.vb: Object.GetType()
  fullName.vb: Object.GetType()
  spec.csharp:
  - uid: System.Object.GetType
    name: GetType
    isExternal: true
    href: https://learn.microsoft.com/dotnet/api/system.object.gettype
  - name: (
  - name: )
  spec.vb:
  - uid: System.Object.GetType
    name: GetType
    isExternal: true
    href: https://learn.microsoft.com/dotnet/api/system.object.gettype
  - name: (
  - name: )
- uid: System.Object.ReferenceEquals(System.Object,System.Object)
  commentId: M:System.Object.ReferenceEquals(System.Object,System.Object)
  parent: System.Object
  isExternal: true
  href: https://learn.microsoft.com/dotnet/api/system.object.referenceequals
  name: ReferenceEquals(object, object)
  nameWithType: object.ReferenceEquals(object, object)
  fullName: object.ReferenceEquals(object, object)
  nameWithType.vb: Object.ReferenceEquals(Object, Object)
  fullName.vb: Object.ReferenceEquals(Object, Object)
  name.vb: ReferenceEquals(Object, Object)
  spec.csharp:
  - uid: System.Object.ReferenceEquals(System.Object,System.Object)
    name: ReferenceEquals
    isExternal: true
    href: https://learn.microsoft.com/dotnet/api/system.object.referenceequals
  - name: (
  - uid: System.Object
    name: object
    isExternal: true
    href: https://learn.microsoft.com/dotnet/api/system.object
  - name: ','
  - name: " "
  - uid: System.Object
    name: object
    isExternal: true
    href: https://learn.microsoft.com/dotnet/api/system.object
  - name: )
  spec.vb:
  - uid: System.Object.ReferenceEquals(System.Object,System.Object)
    name: ReferenceEquals
    isExternal: true
    href: https://learn.microsoft.com/dotnet/api/system.object.referenceequals
  - name: (
  - uid: System.Object
    name: Object
    isExternal: true
    href: https://learn.microsoft.com/dotnet/api/system.object
  - name: ','
  - name: " "
  - uid: System.Object
    name: Object
    isExternal: true
    href: https://learn.microsoft.com/dotnet/api/system.object
  - name: )
- uid: System.Object.Prowl.Runtime.RuntimeUtils.GetSerializableFields
  commentId: M:Prowl.Runtime.RuntimeUtils.GetSerializableFields(System.Object)
  parent: Prowl.Runtime.RuntimeUtils
  definition: Prowl.Runtime.RuntimeUtils.GetSerializableFields(System.Object)
  href: Prowl.Runtime.RuntimeUtils.html#Prowl_Runtime_RuntimeUtils_GetSerializableFields_System_Object_
  name: GetSerializableFields(object)
  nameWithType: RuntimeUtils.GetSerializableFields(object)
  fullName: Prowl.Runtime.RuntimeUtils.GetSerializableFields(object)
  nameWithType.vb: RuntimeUtils.GetSerializableFields(Object)
  fullName.vb: Prowl.Runtime.RuntimeUtils.GetSerializableFields(Object)
  name.vb: GetSerializableFields(Object)
  spec.csharp:
  - uid: Prowl.Runtime.RuntimeUtils.GetSerializableFields(System.Object)
    name: GetSerializableFields
    href: Prowl.Runtime.RuntimeUtils.html#Prowl_Runtime_RuntimeUtils_GetSerializableFields_System_Object_
  - name: (
  - uid: System.Object
    name: object
    isExternal: true
    href: https://learn.microsoft.com/dotnet/api/system.object
  - name: )
  spec.vb:
  - uid: Prowl.Runtime.RuntimeUtils.GetSerializableFields(System.Object)
    name: GetSerializableFields
    href: Prowl.Runtime.RuntimeUtils.html#Prowl_Runtime_RuntimeUtils_GetSerializableFields_System_Object_
  - name: (
  - uid: System.Object
    name: Object
    isExternal: true
    href: https://learn.microsoft.com/dotnet/api/system.object
  - name: )
- uid: System.ValueType
  commentId: T:System.ValueType
  parent: System
  isExternal: true
  href: https://learn.microsoft.com/dotnet/api/system.valuetype
  name: ValueType
  nameWithType: ValueType
  fullName: System.ValueType
- uid: System.Object
  commentId: T:System.Object
  parent: System
  isExternal: true
  href: https://learn.microsoft.com/dotnet/api/system.object
  name: object
  nameWithType: object
  fullName: object
  nameWithType.vb: Object
  fullName.vb: Object
  name.vb: Object
- uid: Prowl.Runtime.RuntimeUtils.GetSerializableFields(System.Object)
  commentId: M:Prowl.Runtime.RuntimeUtils.GetSerializableFields(System.Object)
  isExternal: true
  href: Prowl.Runtime.RuntimeUtils.html#Prowl_Runtime_RuntimeUtils_GetSerializableFields_System_Object_
  name: GetSerializableFields(object)
  nameWithType: RuntimeUtils.GetSerializableFields(object)
  fullName: Prowl.Runtime.RuntimeUtils.GetSerializableFields(object)
  nameWithType.vb: RuntimeUtils.GetSerializableFields(Object)
  fullName.vb: Prowl.Runtime.RuntimeUtils.GetSerializableFields(Object)
  name.vb: GetSerializableFields(Object)
  spec.csharp:
  - uid: Prowl.Runtime.RuntimeUtils.GetSerializableFields(System.Object)
    name: GetSerializableFields
    href: Prowl.Runtime.RuntimeUtils.html#Prowl_Runtime_RuntimeUtils_GetSerializableFields_System_Object_
  - name: (
  - uid: System.Object
    name: object
    isExternal: true
    href: https://learn.microsoft.com/dotnet/api/system.object
  - name: )
  spec.vb:
  - uid: Prowl.Runtime.RuntimeUtils.GetSerializableFields(System.Object)
    name: GetSerializableFields
    href: Prowl.Runtime.RuntimeUtils.html#Prowl_Runtime_RuntimeUtils_GetSerializableFields_System_Object_
  - name: (
  - uid: System.Object
    name: Object
    isExternal: true
    href: https://learn.microsoft.com/dotnet/api/system.object
  - name: )
- uid: Prowl.Runtime.RuntimeUtils
  commentId: T:Prowl.Runtime.RuntimeUtils
  parent: Prowl.Runtime
  href: Prowl.Runtime.RuntimeUtils.html
  name: RuntimeUtils
  nameWithType: RuntimeUtils
  fullName: Prowl.Runtime.RuntimeUtils
- uid: System
  commentId: N:System
  isExternal: true
  href: https://learn.microsoft.com/dotnet/api/system
  name: System
  nameWithType: System
  fullName: System
- uid: Prowl.Runtime
  commentId: N:Prowl.Runtime
  name: Prowl.Runtime
  nameWithType: Prowl.Runtime
  fullName: Prowl.Runtime
  spec.csharp:
  - uid: Prowl
    name: Prowl
  - name: .
  - uid: Prowl.Runtime
    name: Runtime
  spec.vb:
  - uid: Prowl
    name: Prowl
  - name: .
  - uid: Prowl.Runtime
    name: Runtime
- uid: Prowl.Vector.Color
  commentId: T:Prowl.Vector.Color
  parent: Prowl.Vector
  isExternal: true
  name: Color
  nameWithType: Color
  fullName: Prowl.Vector.Color
- uid: Prowl.Vector
  commentId: N:Prowl.Vector
  name: Prowl.Vector
  nameWithType: Prowl.Vector
  fullName: Prowl.Vector
  spec.csharp:
  - uid: Prowl
    name: Prowl
  - name: .
  - uid: Prowl.Vector
    name: Vector
  spec.vb:
  - uid: Prowl
    name: Prowl
  - name: .
  - uid: Prowl.Vector
    name: Vector
- uid: System.Single
  commentId: T:System.Single
  parent: System
  isExternal: true
  href: https://learn.microsoft.com/dotnet/api/system.single
  name: float
  nameWithType: float
  fullName: float
  nameWithType.vb: Single
  fullName.vb: Single
  name.vb: Single
- uid: Prowl.Runtime.UI.ColorBlock.Default*
  commentId: Overload:Prowl.Runtime.UI.ColorBlock.Default
  href: Prowl.Runtime.UI.ColorBlock.html#Prowl_Runtime_UI_ColorBlock_Default
  name: Default
  nameWithType: ColorBlock.Default
  fullName: Prowl.Runtime.UI.ColorBlock.Default
- uid: Prowl.Runtime.UI.ColorBlock
  commentId: T:Prowl.Runtime.UI.ColorBlock
  parent: Prowl.Runtime.UI
  href: Prowl.Runtime.UI.ColorBlock.html
  name: ColorBlock
  nameWithType: ColorBlock
  fullName: Prowl.Runtime.UI.ColorBlock
